
Microsoft Visual Studio Solution File, Format Version 12.00
# Visual Studio Version 17
VisualStudioVersion = 17.7.34221.43
MinimumVisualStudioVersion = 10.0.40219.1
Project("{9A19103F-16F7-4668-BE54-9A1E7A4F7556}") = "JSessionKey", "JSessionKey\JSessionKey.csproj", "{D83FBDB6-9F15-4D4A-A3F5-713A5220A4BA}"
EndProject
Project("{FAE04EC0-301F-11D3-BF4B-00C04F79EFBC}") = "JSessionKey.Test", "JSessionKey.Test\JSessionKey.Test.csproj", "{7DB54C13-BA4B-4DE2-99B8-5828A1F6436F}"
EndProject
Global
	GlobalSection(SolutionConfigurationPlatforms) = preSolution
		Debug|Any CPU = Debug|Any CPU
		Release|Any CPU = Release|Any CPU
	EndGlobalSection
	GlobalSection(ProjectConfigurationPlatforms) = postSolution
		{D83FBDB6-9F15-4D4A-A3F5-713A5220A4BA}.Debug|Any CPU.ActiveCfg = Debug|Any CPU
		{D83FBDB6-9F15-4D4A-A3F5-713A5220A4BA}.Debug|Any CPU.Build.0 = Debug|Any CPU
		{D83FBDB6-9F15-4D4A-A3F5-713A5220A4BA}.Release|Any CPU.ActiveCfg = Release|Any CPU
		{D83FBDB6-9F15-4D4A-A3F5-713A5220A4BA}.Release|Any CPU.Build.0 = Release|Any CPU
		{7DB54C13-BA4B-4DE2-99B8-5828A1F6436F}.Debug|Any CPU.ActiveCfg = Debug|Any CPU
		{7DB54C13-BA4B-4DE2-99B8-5828A1F6436F}.Debug|Any CPU.Build.0 = Debug|Any CPU
		{7DB54C13-BA4B-4DE2-99B8-5828A1F6436F}.Release|Any CPU.ActiveCfg = Release|Any CPU
		{7DB54C13-BA4B-4DE2-99B8-5828A1F6436F}.Release|Any CPU.Build.0 = Release|Any CPU
	EndGlobalSection
	GlobalSection(SolutionProperties) = preSolution
		HideSolutionNode = FALSE
	EndGlobalSection
	GlobalSection(ExtensibilityGlobals) = postSolution
		SolutionGuid = {D03704B9-5FD4-48CA-B826-88BB0081F428}
	EndGlobalSection
EndGlobal
